<?xml version="1.0" encoding="utf-8"?>
<Project ToolsVersion="4.0" xmlns="http://schemas.microsoft.com/developer/msbuild/2003">
  <ItemGroup>
    <FxCompile Include="Shader\BasicPS.hlsl">
      <Filter>Shader</Filter>
    </FxCompile>
    <FxCompile Include="Shader\BasicVS.hlsl">
      <Filter>Shader</Filter>
    </FxCompile>
    <FxCompile Include="Shader\LambertPS.hlsl">
      <Filter>Shader</Filter>
    </FxCompile>
    <FxCompile Include="Shader\LambertVS.hlsl">
      <Filter>Shader</Filter>
    </FxCompile>
    <FxCompile Include="Shader\PrimitiveRendererPS.hlsl">
      <Filter>Shader</Filter>
    </FxCompile>
    <FxCompile Include="Shader\PrimitiveRendererVS.hlsl">
      <Filter>Shader</Filter>
    </FxCompile>
    <FxCompile Include="Shader\ShapeRendererPS.hlsl">
      <Filter>Shader</Filter>
    </FxCompile>
    <FxCompile Include="Shader\ShapeRendererVS.hlsl">
      <Filter>Shader</Filter>
    </FxCompile>
    <FxCompile Include="Shader\SpritePS.hlsl">
      <Filter>Shader</Filter>
    </FxCompile>
    <FxCompile Include="Shader\SpriteVS.hlsl">
      <Filter>Shader</Filter>
    </FxCompile>
  </ItemGroup>
  <ItemGroup>
    <ClCompile Include="Source\System\Audio.cpp">
      <Filter>Source\System</Filter>
    </ClCompile>
    <ClCompile Include="Source\System\AudioResource.cpp">
      <Filter>Source\System</Filter>
    </ClCompile>
    <ClCompile Include="Source\System\AudioSource.cpp">
      <Filter>Source\System</Filter>
    </ClCompile>
    <ClCompile Include="Source\System\BasicShader.cpp">
      <Filter>Source\System</Filter>
    </ClCompile>
    <ClCompile Include="Source\Camera.cpp">
      <Filter>Source\cpp</Filter>
    </ClCompile>
    <ClCompile Include="Source\CameraController.cpp">
      <Filter>Source\cpp</Filter>
    </ClCompile>
    <ClCompile Include="Source\Collision.cpp">
      <Filter>Source\cpp</Filter>
    </ClCompile>
    <ClCompile Include="Source\Framework.cpp">
      <Filter>Source\cpp</Filter>
    </ClCompile>
    <ClCompile Include="Source\GameManager.cpp">
      <Filter>Source\cpp</Filter>
    </ClCompile>
    <ClCompile Include="Source\System\GamePad.cpp">
      <Filter>Source\System</Filter>
    </ClCompile>
    <ClCompile Include="Source\System\GpuResourceUtils.cpp">
      <Filter>Source\System</Filter>
    </ClCompile>
    <ClCompile Include="Source\System\Graphics.cpp">
      <Filter>Source\System</Filter>
    </ClCompile>
    <ClCompile Include="External\imgui-docking\imgui.cpp">
      <Filter>Source\System</Filter>
    </ClCompile>
    <ClCompile Include="External\imgui-docking\imgui_demo.cpp">
      <Filter>Source\System</Filter>
    </ClCompile>
    <ClCompile Include="External\imgui-docking\imgui_draw.cpp">
      <Filter>Source\System</Filter>
    </ClCompile>
    <ClCompile Include="External\imgui-docking\imgui_impl_dx11.cpp">
      <Filter>Source\System</Filter>
    </ClCompile>
    <ClCompile Include="External\imgui-docking\imgui_impl_win32.cpp">
      <Filter>Source\System</Filter>
    </ClCompile>
    <ClCompile Include="External\imgui-docking\imgui_widgets.cpp">
      <Filter>Source\System</Filter>
    </ClCompile>
    <ClCompile Include="Source\System\ImGuiRenderer.cpp">
      <Filter>Source\System</Filter>
    </ClCompile>
    <ClCompile Include="Source\System\Input.cpp">
      <Filter>Source\System</Filter>
    </ClCompile>
    <ClCompile Include="Source\System\LambertShader.cpp">
      <Filter>Source\System</Filter>
    </ClCompile>
    <ClCompile Include="Source\Main.cpp">
      <Filter>Source\cpp</Filter>
    </ClCompile>
    <ClCompile Include="Source\System\Model.cpp">
      <Filter>Source\System</Filter>
    </ClCompile>
    <ClCompile Include="Source\ModelCommon.cpp">
      <Filter>Source\cpp</Filter>
    </ClCompile>
    <ClCompile Include="Source\System\ModelRenderer.cpp">
      <Filter>Source\System</Filter>
    </ClCompile>
    <ClCompile Include="Source\System\ModelResource.cpp">
      <Filter>Source\System</Filter>
    </ClCompile>
    <ClCompile Include="Source\System\Mouse.cpp">
      <Filter>Source\System</Filter>
    </ClCompile>
    <ClCompile Include="Source\PrimitiveRenderer.cpp">
      <Filter>Source\System</Filter>
    </ClCompile>
    <ClCompile Include="Source\System\RenderState.cpp">
      <Filter>Source\System</Filter>
    </ClCompile>
    <ClCompile Include="Source\SceneGame.cpp">
      <Filter>Source\cpp</Filter>
    </ClCompile>
    <ClCompile Include="Source\SceneLoading.cpp">
      <Filter>Source\cpp</Filter>
    </ClCompile>
    <ClCompile Include="Source\SceneManager.cpp">
      <Filter>Source\cpp</Filter>
    </ClCompile>
    <ClCompile Include="Source\SceneResult.cpp">
      <Filter>Source\cpp</Filter>
    </ClCompile>
    <ClCompile Include="Source\SceneSelect.cpp">
      <Filter>Source\cpp</Filter>
    </ClCompile>
    <ClCompile Include="Source\System\ShapeRenderer.cpp">
      <Filter>Source\System</Filter>
    </ClCompile>
    <ClCompile Include="Source\System\Sprite.cpp">
      <Filter>Source\System</Filter>
    </ClCompile>
    <ClCompile Include="Source\Stage.cpp">
      <Filter>Source\cpp</Filter>
    </ClCompile>
    <ClCompile Include="Source\targetManager.cpp">
      <Filter>Source\cpp</Filter>
    </ClCompile>
    <ClCompile Include="Source\UIController.cpp">
      <Filter>Source\cpp</Filter>
    </ClCompile>
    <ClCompile Include="Source\Font.cpp">
      <Filter>Source\cpp</Filter>
    </ClCompile>
    <ClCompile Include="Source\SceneTitle.cpp">
      <Filter>Source\cpp</Filter>
    </ClCompile>
    <ClCompile Include="Source\TitleStage.cpp">
      <Filter>Source\cpp</Filter>
    </ClCompile>
    <ClCompile Include="Source\ScoreManager.cpp">
      <Filter>Source\cpp</Filter>
    </ClCompile>
    <ClCompile Include="Source\save.cpp">
      <Filter>Source\cpp</Filter>
    </ClCompile>
    <ClCompile Include="Source\Tutorial.cpp">
      <Filter>Source\cpp</Filter>
    </ClCompile>
    <ClCompile Include="Source\nameManager.cpp">
      <Filter>Source\cpp</Filter>
    </ClCompile>
  </ItemGroup>
  <ItemGroup>
    <ClInclude Include="Source\System\Audio.h">
      <Filter>Source\System</Filter>
    </ClInclude>
    <ClInclude Include="Source\System\AudioResource.h">
      <Filter>Source\System</Filter>
    </ClInclude>
    <ClInclude Include="Source\System\AudioSource.h">
      <Filter>Source\System</Filter>
    </ClInclude>
    <ClInclude Include="Source\System\BasicShader.h">
      <Filter>Source\System</Filter>
    </ClInclude>
    <ClInclude Include="Source\Camera.h">
      <Filter>Source\h</Filter>
    </ClInclude>
    <ClInclude Include="Source\CameraController.h">
      <Filter>Source\h</Filter>
    </ClInclude>
    <ClInclude Include="Source\Collision.h">
      <Filter>Source\h</Filter>
    </ClInclude>
    <ClInclude Include="Source\Framework.h">
      <Filter>Source\h</Filter>
    </ClInclude>
    <ClInclude Include="Source\GameManager.h">
      <Filter>Source\h</Filter>
    </ClInclude>
    <ClInclude Include="Source\System\GamePad.h">
      <Filter>Source\System</Filter>
    </ClInclude>
    <ClInclude Include="Source\System\GpuResourceUtils.h">
      <Filter>Source\System</Filter>
    </ClInclude>
    <ClInclude Include="Source\System\Graphics.h">
      <Filter>Source\System</Filter>
    </ClInclude>
    <ClInclude Include="Source\System\HighResolutionTimer.h">
      <Filter>Source\System</Filter>
    </ClInclude>
    <ClInclude Include="External\imgui-docking\imconfig.h">
      <Filter>Source\System</Filter>
    </ClInclude>
    <ClInclude Include="External\imgui-docking\imgui.h">
      <Filter>Source\System</Filter>
    </ClInclude>
    <ClInclude Include="External\imgui-docking\imgui_impl_dx11.h">
      <Filter>Source\System</Filter>
    </ClInclude>
    <ClInclude Include="External\imgui-docking\imgui_impl_win32.h">
      <Filter>Source\System</Filter>
    </ClInclude>
    <ClInclude Include="External\imgui-docking\imgui_internal.h">
      <Filter>Source\System</Filter>
    </ClInclude>
    <ClInclude Include="Source\System\ImGuiRenderer.h">
      <Filter>Source\System</Filter>
    </ClInclude>
    <ClInclude Include="External\imgui-docking\imstb_rectpack.h">
      <Filter>Source\System</Filter>
    </ClInclude>
    <ClInclude Include="External\imgui-docking\imstb_textedit.h">
      <Filter>Source\System</Filter>
    </ClInclude>
    <ClInclude Include="External\imgui-docking\imstb_truetype.h">
      <Filter>Source\System</Filter>
    </ClInclude>
    <ClInclude Include="Source\System\Input.h">
      <Filter>Source\System</Filter>
    </ClInclude>
    <ClInclude Include="Source\System\LambertShader.h">
      <Filter>Source\System</Filter>
    </ClInclude>
    <ClInclude Include="Source\System\Misc.h">
      <Filter>Source\System</Filter>
    </ClInclude>
    <ClInclude Include="Source\System\Model.h">
      <Filter>Source\System</Filter>
    </ClInclude>
    <ClInclude Include="Source\ModelCommon.h">
      <Filter>Source\h</Filter>
    </ClInclude>
    <ClInclude Include="Source\System\ModelRenderer.h">
      <Filter>Source\System</Filter>
    </ClInclude>
    <ClInclude Include="Source\System\ModelResource.h">
      <Filter>Source\System</Filter>
    </ClInclude>
    <ClInclude Include="Source\System\Mouse.h">
      <Filter>Source\System</Filter>
    </ClInclude>
    <ClInclude Include="Source\PrimitiveRenderer.h">
      <Filter>Source\System</Filter>
    </ClInclude>
    <ClInclude Include="Source\System\RenderContext.h">
      <Filter>Source\System</Filter>
    </ClInclude>
    <ClInclude Include="Source\System\RenderState.h">
      <Filter>Source\System</Filter>
    </ClInclude>
    <ClInclude Include="Source\System\Shader.h">
      <Filter>Source\System</Filter>
    </ClInclude>
    <ClInclude Include="Source\System\ShapeRenderer.h">
      <Filter>Source\System</Filter>
    </ClInclude>
    <ClInclude Include="Source\System\Sprite.h">
      <Filter>Source\System</Filter>
    </ClInclude>
    <ClInclude Include="Source\UIController.h">
      <Filter>Source\h</Filter>
    </ClInclude>
    <ClInclude Include="Source\targetManager.h">
      <Filter>Source\h</Filter>
    </ClInclude>
    <ClInclude Include="Source\Stage.h">
      <Filter>Source\h</Filter>
    </ClInclude>
    <ClInclude Include="Source\SceneSelect.h">
      <Filter>Source\h</Filter>
    </ClInclude>
    <ClInclude Include="Source\SceneResult.h">
      <Filter>Source\h</Filter>
    </ClInclude>
    <ClInclude Include="Source\SceneManager.h">
      <Filter>Source\h</Filter>
    </ClInclude>
    <ClInclude Include="Source\SceneLoading.h">
      <Filter>Source\h</Filter>
    </ClInclude>
    <ClInclude Include="Source\SceneGame.h">
      <Filter>Source\h</Filter>
    </ClInclude>
    <ClInclude Include="Source\Scene.h">
      <Filter>Source\h</Filter>
    </ClInclude>
    <ClInclude Include="Source\Font.h">
      <Filter>Source\h</Filter>
    </ClInclude>
    <ClInclude Include="Source\SceneTitle.h">
      <Filter>Source\h</Filter>
    </ClInclude>
    <ClInclude Include="Source\TitleStage.h">
      <Filter>Source\h</Filter>
    </ClInclude>
    <ClInclude Include="Source\ScoreManager.h">
      <Filter>Source\h</Filter>
    </ClInclude>
    <ClInclude Include="Source\save.h">
      <Filter>Source\h</Filter>
    </ClInclude>
    <ClInclude Include="Source\Tutorial.h">
      <Filter>Source\h</Filter>
    </ClInclude>
    <ClInclude Include="Source\nameManager.h">
      <Filter>Source\h</Filter>
    </ClInclude>
  </ItemGroup>
  <ItemGroup>
    <None Include="Shader\Basic.hlsli">
      <Filter>Shader</Filter>
    </None>
    <None Include="Shader\Lambert.hlsli">
      <Filter>Shader</Filter>
    </None>
    <None Include="Shader\PrimitiveRenderer.hlsli">
      <Filter>Shader</Filter>
    </None>
    <None Include="Shader\Scene.hlsli">
      <Filter>Shader</Filter>
    </None>
    <None Include="Shader\ShapeRenderer.hlsli">
      <Filter>Shader</Filter>
    </None>
    <None Include="Shader\Skinning.hlsli">
      <Filter>Shader</Filter>
    </None>
    <None Include="Shader\Sprite.hlsli">
      <Filter>Shader</Filter>
    </None>
  </ItemGroup>
  <ItemGroup>
    <Filter Include="Shader">
      <UniqueIdentifier>{77ef2365-c5e5-4a01-9723-faabd700b984}</UniqueIdentifier>
    </Filter>
    <Filter Include="Source">
      <UniqueIdentifier>{21d347d5-c468-4e1d-980a-712a9fcce527}</UniqueIdentifier>
    </Filter>
    <Filter Include="Source\System">
      <UniqueIdentifier>{de5cc113-0151-49d0-8bda-4c41ff3a2a1d}</UniqueIdentifier>
    </Filter>
    <Filter Include="Source\cpp">
      <UniqueIdentifier>{c4561a36-8106-4220-bfa1-98aa13f791ae}</UniqueIdentifier>
    </Filter>
    <Filter Include="Source\h">
      <UniqueIdentifier>{7650ff18-8735-4476-97ad-a7b4be328e81}</UniqueIdentifier>
    </Filter>
  </ItemGroup>
</Project>